
Microsoft Visual Studio Solution File, Format Version 12.00
# Visual Studio Version 16
VisualStudioVersion = 16.0.30804.86
MinimumVisualStudioVersion = 10.0.40219.1
Project("{9A19103F-16F7-4668-BE54-9A1E7A4F7556}") = "TagsCloudVisualizationDI", "TagsCloudVisualizationDI\TagsCloudVisualizationDI.csproj", "{E323754A-3021-496B-9395-8889CC0D3ECC}"
EndProject
Project("{9A19103F-16F7-4668-BE54-9A1E7A4F7556}") = "TagsCloudVisualizationDIConsoleClient", "TagsCloudVisualizationDIConsoleClient\TagsCloudVisualizationDIConsoleClient.csproj", "{B0A6636C-1350-494B-B2E0-1FC6C9103238}"
EndProject
Project("{9A19103F-16F7-4668-BE54-9A1E7A4F7556}") = "TagsCloudVisualizationDITests", "TagsCloudVisualizationDITests\TagsCloudVisualizationDITests.csproj", "{22A1D4B8-857A-457B-976E-5E8CC840A6AA}"
EndProject
Global
	GlobalSection(SolutionConfigurationPlatforms) = preSolution
		Debug|Any CPU = Debug|Any CPU
		Release|Any CPU = Release|Any CPU
	EndGlobalSection
	GlobalSection(ProjectConfigurationPlatforms) = postSolution
		{E323754A-3021-496B-9395-8889CC0D3ECC}.Debug|Any CPU.ActiveCfg = Debug|Any CPU
		{E323754A-3021-496B-9395-8889CC0D3ECC}.Debug|Any CPU.Build.0 = Debug|Any CPU
		{E323754A-3021-496B-9395-8889CC0D3ECC}.Release|Any CPU.ActiveCfg = Release|Any CPU
		{E323754A-3021-496B-9395-8889CC0D3ECC}.Release|Any CPU.Build.0 = Release|Any CPU
		{B0A6636C-1350-494B-B2E0-1FC6C9103238}.Debug|Any CPU.ActiveCfg = Debug|Any CPU
		{B0A6636C-1350-494B-B2E0-1FC6C9103238}.Debug|Any CPU.Build.0 = Debug|Any CPU
		{B0A6636C-1350-494B-B2E0-1FC6C9103238}.Release|Any CPU.ActiveCfg = Release|Any CPU
		{B0A6636C-1350-494B-B2E0-1FC6C9103238}.Release|Any CPU.Build.0 = Release|Any CPU
		{22A1D4B8-857A-457B-976E-5E8CC840A6AA}.Debug|Any CPU.ActiveCfg = Debug|Any CPU
		{22A1D4B8-857A-457B-976E-5E8CC840A6AA}.Debug|Any CPU.Build.0 = Debug|Any CPU
		{22A1D4B8-857A-457B-976E-5E8CC840A6AA}.Release|Any CPU.ActiveCfg = Release|Any CPU
		{22A1D4B8-857A-457B-976E-5E8CC840A6AA}.Release|Any CPU.Build.0 = Release|Any CPU
	EndGlobalSection
	GlobalSection(SolutionProperties) = preSolution
		HideSolutionNode = FALSE
	EndGlobalSection
	GlobalSection(ExtensibilityGlobals) = postSolution
		SolutionGuid = {1DD987D9-52C8-4ED2-B210-78CBAB8F3F1B}
	EndGlobalSection
EndGlobal
