
Microsoft Visual Studio Solution File, Format Version 12.00
# Visual Studio Version 17
VisualStudioVersion = 17.8.34316.72
MinimumVisualStudioVersion = 10.0.40219.1
Project("{9A19103F-16F7-4668-BE54-9A1E7A4F7556}") = "FileSenderRailway", "FileSenderRailway\FileSenderRailway.csproj", "{D979A1EA-516A-46BC-BE6C-8845CA10853D}"
EndProject
Project("{9A19103F-16F7-4668-BE54-9A1E7A4F7556}") = "ErrorHandling", "ErrorHandling\ErrorHandling.csproj", "{66FAF276-533D-4733-AB2E-A9905D678CF6}"
EndProject
Project("{9A19103F-16F7-4668-BE54-9A1E7A4F7556}") = "ConwaysGameOfLife", "ConwaysGameOfLife\ConwaysGameOfLife.csproj", "{2AC2EFE1-647B-4116-9D6E-EF99657C2AB6}"
EndProject
Project("{2150E333-8FDC-42A3-9474-1A3956D46DE8}") = "Samples", "Samples", "{754C1CC8-A8B6-46C6-B35C-8A43B80111A0}"
EndProject
Project("{9A19103F-16F7-4668-BE54-9A1E7A4F7556}") = "Summator", "Summator\Summator.csproj", "{2E64584B-4FBC-4E7D-AEF2-003E8251307A}"
EndProject
Project("{9A19103F-16F7-4668-BE54-9A1E7A4F7556}") = "TagsCloudContainer", "TagsCloudContainer\TagsCloudContainer.csproj", "{F34D3726-7647-423C-AAB8-C13772001CB9}"
EndProject
Project("{9A19103F-16F7-4668-BE54-9A1E7A4F7556}") = "TagsCloudContainerTests", "TagsCloudContainerTests\TagsCloudContainerTests.csproj", "{CE9EE77A-345C-4558-891C-1AFE7E53FA4E}"
EndProject
Global
	GlobalSection(SolutionConfigurationPlatforms) = preSolution
		Debug|Any CPU = Debug|Any CPU
		Release|Any CPU = Release|Any CPU
	EndGlobalSection
	GlobalSection(ProjectConfigurationPlatforms) = postSolution
		{D979A1EA-516A-46BC-BE6C-8845CA10853D}.Debug|Any CPU.ActiveCfg = Debug|Any CPU
		{D979A1EA-516A-46BC-BE6C-8845CA10853D}.Debug|Any CPU.Build.0 = Debug|Any CPU
		{D979A1EA-516A-46BC-BE6C-8845CA10853D}.Release|Any CPU.ActiveCfg = Release|Any CPU
		{D979A1EA-516A-46BC-BE6C-8845CA10853D}.Release|Any CPU.Build.0 = Release|Any CPU
		{66FAF276-533D-4733-AB2E-A9905D678CF6}.Debug|Any CPU.ActiveCfg = Debug|Any CPU
		{66FAF276-533D-4733-AB2E-A9905D678CF6}.Debug|Any CPU.Build.0 = Debug|Any CPU
		{66FAF276-533D-4733-AB2E-A9905D678CF6}.Release|Any CPU.ActiveCfg = Release|Any CPU
		{66FAF276-533D-4733-AB2E-A9905D678CF6}.Release|Any CPU.Build.0 = Release|Any CPU
		{2AC2EFE1-647B-4116-9D6E-EF99657C2AB6}.Debug|Any CPU.ActiveCfg = Debug|Any CPU
		{2AC2EFE1-647B-4116-9D6E-EF99657C2AB6}.Debug|Any CPU.Build.0 = Debug|Any CPU
		{2AC2EFE1-647B-4116-9D6E-EF99657C2AB6}.Release|Any CPU.ActiveCfg = Release|Any CPU
		{2AC2EFE1-647B-4116-9D6E-EF99657C2AB6}.Release|Any CPU.Build.0 = Release|Any CPU
		{2E64584B-4FBC-4E7D-AEF2-003E8251307A}.Debug|Any CPU.ActiveCfg = Debug|Any CPU
		{2E64584B-4FBC-4E7D-AEF2-003E8251307A}.Debug|Any CPU.Build.0 = Debug|Any CPU
		{2E64584B-4FBC-4E7D-AEF2-003E8251307A}.Release|Any CPU.ActiveCfg = Release|Any CPU
		{2E64584B-4FBC-4E7D-AEF2-003E8251307A}.Release|Any CPU.Build.0 = Release|Any CPU
		{F34D3726-7647-423C-AAB8-C13772001CB9}.Debug|Any CPU.ActiveCfg = Debug|Any CPU
		{F34D3726-7647-423C-AAB8-C13772001CB9}.Debug|Any CPU.Build.0 = Debug|Any CPU
		{F34D3726-7647-423C-AAB8-C13772001CB9}.Release|Any CPU.ActiveCfg = Release|Any CPU
		{F34D3726-7647-423C-AAB8-C13772001CB9}.Release|Any CPU.Build.0 = Release|Any CPU
		{CE9EE77A-345C-4558-891C-1AFE7E53FA4E}.Debug|Any CPU.ActiveCfg = Debug|Any CPU
		{CE9EE77A-345C-4558-891C-1AFE7E53FA4E}.Debug|Any CPU.Build.0 = Debug|Any CPU
		{CE9EE77A-345C-4558-891C-1AFE7E53FA4E}.Release|Any CPU.ActiveCfg = Release|Any CPU
		{CE9EE77A-345C-4558-891C-1AFE7E53FA4E}.Release|Any CPU.Build.0 = Release|Any CPU
	EndGlobalSection
	GlobalSection(SolutionProperties) = preSolution
		HideSolutionNode = FALSE
	EndGlobalSection
	GlobalSection(NestedProjects) = preSolution
		{2E64584B-4FBC-4E7D-AEF2-003E8251307A} = {754C1CC8-A8B6-46C6-B35C-8A43B80111A0}
	EndGlobalSection
	GlobalSection(ExtensibilityGlobals) = postSolution
		SolutionGuid = {03CC7396-A366-4125-BAAF-DDF0C93B0A02}
	EndGlobalSection
EndGlobal
