
Microsoft Visual Studio Solution File, Format Version 12.00
Project("{FAE04EC0-301F-11D3-BF4B-00C04F79EFBC}") = "TagCloudContainer", "TagCloudContainer\TagCloudContainer.csproj", "{A3CE16D9-5DBB-4CA1-9740-01CDB6F095B8}"
EndProject
Project("{FAE04EC0-301F-11D3-BF4B-00C04F79EFBC}") = "TagsCloudContainerTests", "TagsCloudContainerTests\TagsCloudContainerTests.csproj", "{6546CF06-085C-47F4-8CE3-C377CAECF61E}"
EndProject
Global
	GlobalSection(SolutionConfigurationPlatforms) = preSolution
		Debug|Any CPU = Debug|Any CPU
		Release|Any CPU = Release|Any CPU
	EndGlobalSection
	GlobalSection(ProjectConfigurationPlatforms) = postSolution
		{A3CE16D9-5DBB-4CA1-9740-01CDB6F095B8}.Debug|Any CPU.ActiveCfg = Debug|Any CPU
		{A3CE16D9-5DBB-4CA1-9740-01CDB6F095B8}.Debug|Any CPU.Build.0 = Debug|Any CPU
		{A3CE16D9-5DBB-4CA1-9740-01CDB6F095B8}.Release|Any CPU.ActiveCfg = Release|Any CPU
		{A3CE16D9-5DBB-4CA1-9740-01CDB6F095B8}.Release|Any CPU.Build.0 = Release|Any CPU
		{6546CF06-085C-47F4-8CE3-C377CAECF61E}.Debug|Any CPU.ActiveCfg = Debug|Any CPU
		{6546CF06-085C-47F4-8CE3-C377CAECF61E}.Debug|Any CPU.Build.0 = Debug|Any CPU
		{6546CF06-085C-47F4-8CE3-C377CAECF61E}.Release|Any CPU.ActiveCfg = Release|Any CPU
		{6546CF06-085C-47F4-8CE3-C377CAECF61E}.Release|Any CPU.Build.0 = Release|Any CPU
	EndGlobalSection
	GlobalSection(NestedProjects) = preSolution
	EndGlobalSection
EndGlobal
