
Microsoft Visual Studio Solution File, Format Version 12.00
# Visual Studio Version 16
VisualStudioVersion = 16.0.30717.126
MinimumVisualStudioVersion = 10.0.40219.1
Project("{FAE04EC0-301F-11D3-BF4B-00C04F79EFBC}") = "TagsCloudContainer", "TagsCloudContainer\TagsCloudContainer.csproj", "{0BDF6009-0257-4A6E-A47D-52D2DF68C9F5}"
EndProject
Project("{FAE04EC0-301F-11D3-BF4B-00C04F79EFBC}") = "TagsCloudCreatorGUI", "TagsCloudCreatorGUI\TagsCloudCreatorGUI.csproj", "{74459F96-5B0B-4901-AB95-4D3ED71282A3}"
EndProject
Global
	GlobalSection(SolutionConfigurationPlatforms) = preSolution
		Debug|Any CPU = Debug|Any CPU
		Release|Any CPU = Release|Any CPU
	EndGlobalSection
	GlobalSection(ProjectConfigurationPlatforms) = postSolution
		{0BDF6009-0257-4A6E-A47D-52D2DF68C9F5}.Debug|Any CPU.ActiveCfg = Debug|Any CPU
		{0BDF6009-0257-4A6E-A47D-52D2DF68C9F5}.Debug|Any CPU.Build.0 = Debug|Any CPU
		{0BDF6009-0257-4A6E-A47D-52D2DF68C9F5}.Release|Any CPU.ActiveCfg = Release|Any CPU
		{0BDF6009-0257-4A6E-A47D-52D2DF68C9F5}.Release|Any CPU.Build.0 = Release|Any CPU
		{74459F96-5B0B-4901-AB95-4D3ED71282A3}.Debug|Any CPU.ActiveCfg = Debug|Any CPU
		{74459F96-5B0B-4901-AB95-4D3ED71282A3}.Debug|Any CPU.Build.0 = Debug|Any CPU
		{74459F96-5B0B-4901-AB95-4D3ED71282A3}.Release|Any CPU.ActiveCfg = Release|Any CPU
		{74459F96-5B0B-4901-AB95-4D3ED71282A3}.Release|Any CPU.Build.0 = Release|Any CPU
	EndGlobalSection
	GlobalSection(SolutionProperties) = preSolution
		HideSolutionNode = FALSE
	EndGlobalSection
	GlobalSection(ExtensibilityGlobals) = postSolution
		SolutionGuid = {351D3E2C-31DC-4047-9611-3494E9CCCD6D}
	EndGlobalSection
EndGlobal
