
Microsoft Visual Studio Solution File, Format Version 12.00
Project("{FAE04EC0-301F-11D3-BF4B-00C04F79EFBC}") = "TagCloud.CLI", "TagCloud.CLI\TagCloud.CLI.csproj", "{322CC860-1CC3-4EE9-A354-FF9113CFF685}"
EndProject
Project("{FAE04EC0-301F-11D3-BF4B-00C04F79EFBC}") = "TagCloud.Common", "TagCloud.Common\TagCloud.Common.csproj", "{9C4BC4CC-0C9B-4AC5-8E0E-ACA5EBCABD08}"
EndProject
Project("{FAE04EC0-301F-11D3-BF4B-00C04F79EFBC}") = "TagCloud.Tests", "TagCloud.Tests\TagCloud.Tests.csproj", "{4648E061-AD91-4BE8-B9C8-7C296F03A6D2}"
EndProject
Global
	GlobalSection(SolutionConfigurationPlatforms) = preSolution
		Debug|Any CPU = Debug|Any CPU
		Release|Any CPU = Release|Any CPU
	EndGlobalSection
	GlobalSection(ProjectConfigurationPlatforms) = postSolution
		{322CC860-1CC3-4EE9-A354-FF9113CFF685}.Debug|Any CPU.ActiveCfg = Debug|Any CPU
		{322CC860-1CC3-4EE9-A354-FF9113CFF685}.Debug|Any CPU.Build.0 = Debug|Any CPU
		{322CC860-1CC3-4EE9-A354-FF9113CFF685}.Release|Any CPU.ActiveCfg = Release|Any CPU
		{322CC860-1CC3-4EE9-A354-FF9113CFF685}.Release|Any CPU.Build.0 = Release|Any CPU
		{9C4BC4CC-0C9B-4AC5-8E0E-ACA5EBCABD08}.Debug|Any CPU.ActiveCfg = Debug|Any CPU
		{9C4BC4CC-0C9B-4AC5-8E0E-ACA5EBCABD08}.Debug|Any CPU.Build.0 = Debug|Any CPU
		{9C4BC4CC-0C9B-4AC5-8E0E-ACA5EBCABD08}.Release|Any CPU.ActiveCfg = Release|Any CPU
		{9C4BC4CC-0C9B-4AC5-8E0E-ACA5EBCABD08}.Release|Any CPU.Build.0 = Release|Any CPU
		{4648E061-AD91-4BE8-B9C8-7C296F03A6D2}.Debug|Any CPU.ActiveCfg = Debug|Any CPU
		{4648E061-AD91-4BE8-B9C8-7C296F03A6D2}.Debug|Any CPU.Build.0 = Debug|Any CPU
		{4648E061-AD91-4BE8-B9C8-7C296F03A6D2}.Release|Any CPU.ActiveCfg = Release|Any CPU
		{4648E061-AD91-4BE8-B9C8-7C296F03A6D2}.Release|Any CPU.Build.0 = Release|Any CPU
	EndGlobalSection
EndGlobal
